
Microsoft Visual Studio Solution File, Format Version 12.00
# Visual Studio 15
VisualStudioVersion = 15.0.28307.1022
MinimumVisualStudioVersion = 10.0.40219.1
Project("{FAE04EC0-301F-11D3-BF4B-00C04F79EFBC}") = "ApiPruebaFARSIMAN", "ApiPruebaFARSIMAN\ApiPruebaFARSIMAN.csproj", "{471D4B8C-947D-45B8-9058-3D82A5D16EEA}"
EndProject
Global
	GlobalSection(SolutionConfigurationPlatforms) = preSolution
		Debug|Any CPU = Debug|Any CPU
		Release|Any CPU = Release|Any CPU
	EndGlobalSection
	GlobalSection(ProjectConfigurationPlatforms) = postSolution
		{471D4B8C-947D-45B8-9058-3D82A5D16EEA}.Debug|Any CPU.ActiveCfg = Debug|Any CPU
		{471D4B8C-947D-45B8-9058-3D82A5D16EEA}.Debug|Any CPU.Build.0 = Debug|Any CPU
		{471D4B8C-947D-45B8-9058-3D82A5D16EEA}.Release|Any CPU.ActiveCfg = Release|Any CPU
		{471D4B8C-947D-45B8-9058-3D82A5D16EEA}.Release|Any CPU.Build.0 = Release|Any CPU
	EndGlobalSection
	GlobalSection(SolutionProperties) = preSolution
		HideSolutionNode = FALSE
	EndGlobalSection
	GlobalSection(ExtensibilityGlobals) = postSolution
		SolutionGuid = {B1D5B14B-D16D-46D2-9FB9-74F557E836D0}
	EndGlobalSection
EndGlobal
